
Microsoft Visual Studio Solution File, Format Version 12.00
# Visual Studio Version 16
VisualStudioVersion = 16.0.30907.101
MinimumVisualStudioVersion = 10.0.40219.1
Project("{FAE04EC0-301F-11D3-BF4B-00C04F79EFBC}") = "RedisClientSample", "RedisClientSample\RedisClientSample.csproj", "{691B9D07-5DA2-4E09-925F-815309718CC3}"
EndProject
Global
	GlobalSection(SolutionConfigurationPlatforms) = preSolution
		Debug|Any CPU = Debug|Any CPU
		Release|Any CPU = Release|Any CPU
	EndGlobalSection
	GlobalSection(ProjectConfigurationPlatforms) = postSolution
		{691B9D07-5DA2-4E09-925F-815309718CC3}.Debug|Any CPU.ActiveCfg = Debug|Any CPU
		{691B9D07-5DA2-4E09-925F-815309718CC3}.Debug|Any CPU.Build.0 = Debug|Any CPU
		{691B9D07-5DA2-4E09-925F-815309718CC3}.Release|Any CPU.ActiveCfg = Release|Any CPU
		{691B9D07-5DA2-4E09-925F-815309718CC3}.Release|Any CPU.Build.0 = Release|Any CPU
	EndGlobalSection
	GlobalSection(SolutionProperties) = preSolution
		HideSolutionNode = FALSE
	EndGlobalSection
	GlobalSection(ExtensibilityGlobals) = postSolution
		SolutionGuid = {F293128C-7097-41DB-8775-568D9557B23E}
	EndGlobalSection
EndGlobal
